{
  "nodes": {
    "home-manager": {
      "inputs": {
        "nixpkgs": [
          "nixpkgs"
        ]
      },
      "locked": {
        "lastModified": 1768949235,
        "narHash": "sha256-TtjKgXyg1lMfh374w5uxutd6Vx2P/hU81aEhTxrO2cg=",
        "owner": "nix-community",
        "repo": "home-manager",
        "rev": "75ed713570ca17427119e7e204ab3590cc3bf2a5",
        "type": "github"
      },
      "original": {
        "owner": "nix-community",
        "ref": "release-25.11",
        "repo": "home-manager",
        "type": "github"
      }
    },
    "niri": {
      "inputs": {
        "niri-stable": "niri-stable",
        "niri-unstable": "niri-unstable",
        "nixpkgs": [
          "nixpkgs"
        ],
        "nixpkgs-stable": "nixpkgs-stable",
        "xwayland-satellite-stable": "xwayland-satellite-stable",
        "xwayland-satellite-unstable": "xwayland-satellite-unstable"
      },
      "locked": {
        "lastModified": 1769282225,
        "narHash": "sha256-5rcscjSoahWOb/xTNCLlqh/PKfNwvAwcf2hQ7XLj5RI=",
        "owner": "sodiboo",
        "repo": "niri-flake",
        "rev": "2efd11d9a6b5655c3b97beb666739eabcebd6171",
        "type": "github"
      },
      "original": {
        "owner": "sodiboo",
        "repo": "niri-flake",
        "type": "github"
      }
    },
    "niri-stable": {
      "flake": false,
      "locked": {
        "lastModified": 1756556321,
        "narHash": "sha256-RLD89dfjN0RVO86C/Mot0T7aduCygPGaYbog566F0Qo=",
        "owner": "YaLTeR",
        "repo": "niri",
        "rev": "01be0e65f4eb91a9cd624ac0b76aaeab765c7294",
        "type": "github"
      },
      "original": {
        "owner": "YaLTeR",
        "ref": "v25.08",
        "repo": "niri",
        "type": "github"
      }
    },
    "niri-unstable": {
      "flake": false,
      "locked": {
        "lastModified": 1768678265,
        "narHash": "sha256-Ub8eed4DsfIDWyg30xEe+8bSxL/z5Af/gCjmvJ0V/Hs=",
        "owner": "YaLTeR",
        "repo": "niri",
        "rev": "d7184a04b904e07113f4623610775ae78d32394c",
        "type": "github"
      },
      "original": {
        "owner": "YaLTeR",
        "repo": "niri",
        "type": "github"
      }
    },
    "nixpkgs": {
      "locked": {
        "lastModified": 1769089682,
        "narHash": "sha256-9yA/LIuAVQq0lXelrZPjLuLVuZdm03p8tfmHhnDIkms=",
        "owner": "NixOS",
        "repo": "nixpkgs",
        "rev": "078d69f03934859a181e81ba987c2bb033eebfc5",
        "type": "github"
      },
      "original": {
        "owner": "NixOS",
        "ref": "nixos-25.11",
        "repo": "nixpkgs",
        "type": "github"
      }
    },
    "nixpkgs-stable": {
      "locked": {
        "lastModified": 1769089682,
        "narHash": "sha256-9yA/LIuAVQq0lXelrZPjLuLVuZdm03p8tfmHhnDIkms=",
        "owner": "NixOS",
        "repo": "nixpkgs",
        "rev": "078d69f03934859a181e81ba987c2bb033eebfc5",
        "type": "github"
      },
      "original": {
        "owner": "NixOS",
        "ref": "nixos-25.11",
        "repo": "nixpkgs",
        "type": "github"
      }
    },
    "nixpkgs-unstable": {
      "locked": {
        "lastModified": 1769018530,
        "narHash": "sha256-MJ27Cy2NtBEV5tsK+YraYr2g851f3Fl1LpNHDzDX15c=",
        "owner": "NixOS",
        "repo": "nixpkgs",
        "rev": "88d3861acdd3d2f0e361767018218e51810df8a1",
        "type": "github"
      },
      "original": {
        "owner": "NixOS",
        "ref": "nixos-unstable",
        "repo": "nixpkgs",
        "type": "github"
      }
    },
    "noctalia": {
      "inputs": {
        "nixpkgs": [
          "nixpkgs"
        ]
      },
      "locked": {
        "lastModified": 1769319476,
        "narHash": "sha256-PKxZxO5y+2MaYqICEnmDflxzqWIo9b0Og/LdXbweHFU=",
        "owner": "noctalia-dev",
        "repo": "noctalia-shell",
        "rev": "81f7ce42c19b81b1ca668c23ab61bb407189ab28",
        "type": "github"
      },
      "original": {
        "owner": "noctalia-dev",
        "repo": "noctalia-shell",
        "type": "github"
      }
    },
    "quickshell": {
      "inputs": {
        "nixpkgs": [
          "nixpkgs"
        ]
      },
      "locked": {
        "lastModified": 1768985439,
        "narHash": "sha256-qkU4r+l+UPz4dutMMRZSin64HuVZkEv9iFpu9yMWVY0=",
        "owner": "outfoxxed",
        "repo": "quickshell",
        "rev": "191085a8821b35680bba16ce5411fc9dbe912237",
        "type": "github"
      },
      "original": {
        "owner": "outfoxxed",
        "repo": "quickshell",
        "type": "github"
      }
    },
    "root": {
      "inputs": {
        "home-manager": "home-manager",
        "niri": "niri",
        "nixpkgs": "nixpkgs",
        "nixpkgs-unstable": "nixpkgs-unstable",
        "noctalia": "noctalia",
        "quickshell": "quickshell"
      }
    },
    "xwayland-satellite-stable": {
      "flake": false,
      "locked": {
        "lastModified": 1755491097,
        "narHash": "sha256-m+9tUfsmBeF2Gn4HWa6vSITZ4Gz1eA1F5Kh62B0N4oE=",
        "owner": "Supreeeme",
        "repo": "xwayland-satellite",
        "rev": "388d291e82ffbc73be18169d39470f340707edaa",
        "type": "github"
      },
      "original": {
        "owner": "Supreeeme",
        "ref": "v0.7",
        "repo": "xwayland-satellite",
        "type": "github"
      }
    },
    "xwayland-satellite-unstable": {
      "flake": false,
      "locked": {
        "lastModified": 1769279212,
        "narHash": "sha256-LAd6DYp6bbnQqtzMm62BE/0IMy67A4CgyYVi4xvyD6s=",
        "owner": "Supreeeme",
        "repo": "xwayland-satellite",
        "rev": "3af3e3ab78d0eb96fb9b5161693811e050b90991",
        "type": "github"
      },
      "original": {
        "owner": "Supreeeme",
        "repo": "xwayland-satellite",
        "type": "github"
      }
    }
  },
  "root": "root",
  "version": 7
}
